
Microsoft Visual Studio Solution File, Format Version 12.00
# Visual Studio Version 17
VisualStudioVersion = 17.3.32929.385
MinimumVisualStudioVersion = 10.0.40219.1
Project("{FAE04EC0-301F-11D3-BF4B-00C04F79EFBC}") = "Videostore", "Videostore\Videostore.csproj", "{772BD1F8-A05F-4DF7-B067-F5D97EC480D9}"
EndProject
Global
	GlobalSection(SolutionConfigurationPlatforms) = preSolution
		Debug|Any CPU = Debug|Any CPU
		Release|Any CPU = Release|Any CPU
	EndGlobalSection
	GlobalSection(ProjectConfigurationPlatforms) = postSolution
		{772BD1F8-A05F-4DF7-B067-F5D97EC480D9}.Debug|Any CPU.ActiveCfg = Debug|Any CPU
		{772BD1F8-A05F-4DF7-B067-F5D97EC480D9}.Debug|Any CPU.Build.0 = Debug|Any CPU
		{772BD1F8-A05F-4DF7-B067-F5D97EC480D9}.Release|Any CPU.ActiveCfg = Release|Any CPU
		{772BD1F8-A05F-4DF7-B067-F5D97EC480D9}.Release|Any CPU.Build.0 = Release|Any CPU
	EndGlobalSection
	GlobalSection(SolutionProperties) = preSolution
		HideSolutionNode = FALSE
	EndGlobalSection
	GlobalSection(ExtensibilityGlobals) = postSolution
		SolutionGuid = {6C8AD71D-2402-4471-BDAB-E4AD94B5794F}
	EndGlobalSection
EndGlobal
